
Microsoft Visual Studio Solution File, Format Version 12.00
# Visual Studio 14
VisualStudioVersion = 14.0.25420.1
MinimumVisualStudioVersion = 10.0.40219.1
Project("{FAE04EC0-301F-11D3-BF4B-00C04F79EFBC}") = "ChallengeListRepositories", "ChallengeListRepositories\ChallengeListRepositories.csproj", "{557F7C51-13B3-4BF4-8634-9D83FF59963E}"
EndProject
Project("{FAE04EC0-301F-11D3-BF4B-00C04F79EFBC}") = "Domain", "Domain\Domain.csproj", "{638D25E1-6CE4-40D5-80E8-4D9E5EC6DE4B}"
EndProject
Project("{FAE04EC0-301F-11D3-BF4B-00C04F79EFBC}") = "Data", "Data\Data.csproj", "{2C90369C-C2B2-4CDE-A535-E6C53CEAFF56}"
EndProject
Project("{2150E333-8FDC-42A3-9474-1A3956D46DE8}") = "LayerPresentation", "LayerPresentation", "{007DE2AD-FE7B-4F40-B893-3B13673330B0}"
EndProject
Project("{2150E333-8FDC-42A3-9474-1A3956D46DE8}") = "LayerDomain", "LayerDomain", "{F7FDB1EF-984F-46CA-AE1E-79BAF3C7154C}"
EndProject
Project("{2150E333-8FDC-42A3-9474-1A3956D46DE8}") = "LayerData", "LayerData", "{9A9B0613-B451-4FDB-BCB3-72F6175691AD}"
EndProject
Project("{2150E333-8FDC-42A3-9474-1A3956D46DE8}") = "LayerInfra", "LayerInfra", "{D6E4D599-1E3D-4A7C-B97B-F1F47D66A35A}"
EndProject
Project("{FAE04EC0-301F-11D3-BF4B-00C04F79EFBC}") = "ConsumoGitWebService", "ConsumoGitWebService\ConsumoGitWebService.csproj", "{B853C550-0DCB-4F3D-B080-8B5F8D7AD649}"
EndProject
Project("{FAE04EC0-301F-11D3-BF4B-00C04F79EFBC}") = "ConfiguracoesProjetos", "ConfiguracoesProjetos\ConfiguracoesProjetos.csproj", "{6A401845-F843-40D9-A924-8DD2ED0F3BA6}"
EndProject
Global
	GlobalSection(SolutionConfigurationPlatforms) = preSolution
		Debug|Any CPU = Debug|Any CPU
		Release|Any CPU = Release|Any CPU
	EndGlobalSection
	GlobalSection(ProjectConfigurationPlatforms) = postSolution
		{557F7C51-13B3-4BF4-8634-9D83FF59963E}.Debug|Any CPU.ActiveCfg = Debug|Any CPU
		{557F7C51-13B3-4BF4-8634-9D83FF59963E}.Debug|Any CPU.Build.0 = Debug|Any CPU
		{557F7C51-13B3-4BF4-8634-9D83FF59963E}.Release|Any CPU.ActiveCfg = Release|Any CPU
		{557F7C51-13B3-4BF4-8634-9D83FF59963E}.Release|Any CPU.Build.0 = Release|Any CPU
		{638D25E1-6CE4-40D5-80E8-4D9E5EC6DE4B}.Debug|Any CPU.ActiveCfg = Debug|Any CPU
		{638D25E1-6CE4-40D5-80E8-4D9E5EC6DE4B}.Debug|Any CPU.Build.0 = Debug|Any CPU
		{638D25E1-6CE4-40D5-80E8-4D9E5EC6DE4B}.Release|Any CPU.ActiveCfg = Release|Any CPU
		{638D25E1-6CE4-40D5-80E8-4D9E5EC6DE4B}.Release|Any CPU.Build.0 = Release|Any CPU
		{2C90369C-C2B2-4CDE-A535-E6C53CEAFF56}.Debug|Any CPU.ActiveCfg = Debug|Any CPU
		{2C90369C-C2B2-4CDE-A535-E6C53CEAFF56}.Debug|Any CPU.Build.0 = Debug|Any CPU
		{2C90369C-C2B2-4CDE-A535-E6C53CEAFF56}.Release|Any CPU.ActiveCfg = Release|Any CPU
		{2C90369C-C2B2-4CDE-A535-E6C53CEAFF56}.Release|Any CPU.Build.0 = Release|Any CPU
		{B853C550-0DCB-4F3D-B080-8B5F8D7AD649}.Debug|Any CPU.ActiveCfg = Debug|Any CPU
		{B853C550-0DCB-4F3D-B080-8B5F8D7AD649}.Debug|Any CPU.Build.0 = Debug|Any CPU
		{B853C550-0DCB-4F3D-B080-8B5F8D7AD649}.Release|Any CPU.ActiveCfg = Release|Any CPU
		{B853C550-0DCB-4F3D-B080-8B5F8D7AD649}.Release|Any CPU.Build.0 = Release|Any CPU
		{6A401845-F843-40D9-A924-8DD2ED0F3BA6}.Debug|Any CPU.ActiveCfg = Debug|Any CPU
		{6A401845-F843-40D9-A924-8DD2ED0F3BA6}.Debug|Any CPU.Build.0 = Debug|Any CPU
		{6A401845-F843-40D9-A924-8DD2ED0F3BA6}.Release|Any CPU.ActiveCfg = Release|Any CPU
		{6A401845-F843-40D9-A924-8DD2ED0F3BA6}.Release|Any CPU.Build.0 = Release|Any CPU
	EndGlobalSection
	GlobalSection(SolutionProperties) = preSolution
		HideSolutionNode = FALSE
	EndGlobalSection
	GlobalSection(NestedProjects) = preSolution
		{557F7C51-13B3-4BF4-8634-9D83FF59963E} = {007DE2AD-FE7B-4F40-B893-3B13673330B0}
		{638D25E1-6CE4-40D5-80E8-4D9E5EC6DE4B} = {F7FDB1EF-984F-46CA-AE1E-79BAF3C7154C}
		{2C90369C-C2B2-4CDE-A535-E6C53CEAFF56} = {9A9B0613-B451-4FDB-BCB3-72F6175691AD}
		{B853C550-0DCB-4F3D-B080-8B5F8D7AD649} = {D6E4D599-1E3D-4A7C-B97B-F1F47D66A35A}
		{6A401845-F843-40D9-A924-8DD2ED0F3BA6} = {D6E4D599-1E3D-4A7C-B97B-F1F47D66A35A}
	EndGlobalSection
EndGlobal
