
Microsoft Visual Studio Solution File, Format Version 12.00
# Visual Studio 14
VisualStudioVersion = 14.0.25420.1
MinimumVisualStudioVersion = 10.0.40219.1
Project("{FAE04EC0-301F-11D3-BF4B-00C04F79EFBC}") = "ChallengeListRepositories", "ChallengeListRepositories\ChallengeListRepositories.csproj", "{557F7C51-13B3-4BF4-8634-9D83FF59963E}"
EndProject
Global
	GlobalSection(SolutionConfigurationPlatforms) = preSolution
		Debug|Any CPU = Debug|Any CPU
		Release|Any CPU = Release|Any CPU
	EndGlobalSection
	GlobalSection(ProjectConfigurationPlatforms) = postSolution
		{557F7C51-13B3-4BF4-8634-9D83FF59963E}.Debug|Any CPU.ActiveCfg = Debug|Any CPU
		{557F7C51-13B3-4BF4-8634-9D83FF59963E}.Debug|Any CPU.Build.0 = Debug|Any CPU
		{557F7C51-13B3-4BF4-8634-9D83FF59963E}.Release|Any CPU.ActiveCfg = Release|Any CPU
		{557F7C51-13B3-4BF4-8634-9D83FF59963E}.Release|Any CPU.Build.0 = Release|Any CPU
	EndGlobalSection
	GlobalSection(SolutionProperties) = preSolution
		HideSolutionNode = FALSE
	EndGlobalSection
EndGlobal
